
Microsoft Visual Studio Solution File, Format Version 12.00
# Visual Studio 15
VisualStudioVersion = 15.0.28307.421
MinimumVisualStudioVersion = 10.0.40219.1
Project("{FAE04EC0-301F-11D3-BF4B-00C04F79EFBC}") = "GPD0918_ToolDev", "GPD0918_ToolDev\GPD0918_ToolDev.csproj", "{D945177F-0DA3-4281-B589-BE5B2050B0DC}"
EndProject
Global
	GlobalSection(SolutionConfigurationPlatforms) = preSolution
		Debug|Any CPU = Debug|Any CPU
		Release|Any CPU = Release|Any CPU
	EndGlobalSection
	GlobalSection(ProjectConfigurationPlatforms) = postSolution
		{D945177F-0DA3-4281-B589-BE5B2050B0DC}.Debug|Any CPU.ActiveCfg = Debug|Any CPU
		{D945177F-0DA3-4281-B589-BE5B2050B0DC}.Debug|Any CPU.Build.0 = Debug|Any CPU
		{D945177F-0DA3-4281-B589-BE5B2050B0DC}.Release|Any CPU.ActiveCfg = Release|Any CPU
		{D945177F-0DA3-4281-B589-BE5B2050B0DC}.Release|Any CPU.Build.0 = Release|Any CPU
	EndGlobalSection
	GlobalSection(SolutionProperties) = preSolution
		HideSolutionNode = FALSE
	EndGlobalSection
	GlobalSection(ExtensibilityGlobals) = postSolution
		SolutionGuid = {7E10886F-C7E8-476D-A73E-6C408823A4D5}
	EndGlobalSection
EndGlobal
